
Microsoft Visual Studio Solution File, Format Version 12.00
# Visual Studio Version 17
VisualStudioVersion = 17.7.34221.43
MinimumVisualStudioVersion = 10.0.40219.1
Project("{FAE04EC0-301F-11D3-BF4B-00C04F79EFBC}") = "REST Api", "REST Api.csproj", "{391926CF-AD59-48DB-BE54-CBDD683DD026}"
EndProject
Project("{2150E333-8FDC-42A3-9474-1A3956D46DE8}") = "Solution Items", "Solution Items", "{1F1F8C75-386A-4976-B9E6-1130AA3170C9}"
EndProject
Global
	GlobalSection(SolutionConfigurationPlatforms) = preSolution
		Debug|Any CPU = Debug|Any CPU
		Release|Any CPU = Release|Any CPU
	EndGlobalSection
	GlobalSection(ProjectConfigurationPlatforms) = postSolution
		{391926CF-AD59-48DB-BE54-CBDD683DD026}.Debug|Any CPU.ActiveCfg = Debug|Any CPU
		{391926CF-AD59-48DB-BE54-CBDD683DD026}.Debug|Any CPU.Build.0 = Debug|Any CPU
		{391926CF-AD59-48DB-BE54-CBDD683DD026}.Release|Any CPU.ActiveCfg = Release|Any CPU
		{391926CF-AD59-48DB-BE54-CBDD683DD026}.Release|Any CPU.Build.0 = Release|Any CPU
	EndGlobalSection
	GlobalSection(SolutionProperties) = preSolution
		HideSolutionNode = FALSE
	EndGlobalSection
	GlobalSection(ExtensibilityGlobals) = postSolution
		SolutionGuid = {B757C4F4-15B3-47D5-8795-7132DB63C647}
	EndGlobalSection
EndGlobal
